{
  "name": "@vinay-npm/common",
  "version": "1.1.0",
  "lockfileVersion": 3,
  "requires": true,
  "packages": {
    "": {
      "name": "@vinay-npm/common",
      "version": "1.1.0",
      "license": "ISC",
      "dependencies": {
        "@vinay-npm/common": "file:",
        "common": "file:"
      }
    },
    "node_modules/@vinay-npm/common": {
      "resolved": "",
      "link": true
    },
    "node_modules/common": {
      "resolved": "",
      "link": true
    }
  }
}
